
Microsoft Visual Studio Solution File, Format Version 12.00
# Visual Studio Version 17
VisualStudioVersion = 17.3.32922.545
MinimumVisualStudioVersion = 10.0.40219.1
Project("{9A19103F-16F7-4668-BE54-9A1E7A4F7556}") = "IdentityRBAC", "IdentityRBAC\IdentityRBAC.csproj", "{3163BD0A-604A-468A-AFEF-6FDD8DAD451B}"
EndProject
Global
	GlobalSection(SolutionConfigurationPlatforms) = preSolution
		Debug|Any CPU = Debug|Any CPU
		Release|Any CPU = Release|Any CPU
	EndGlobalSection
	GlobalSection(ProjectConfigurationPlatforms) = postSolution
		{3163BD0A-604A-468A-AFEF-6FDD8DAD451B}.Debug|Any CPU.ActiveCfg = Debug|Any CPU
		{3163BD0A-604A-468A-AFEF-6FDD8DAD451B}.Debug|Any CPU.Build.0 = Debug|Any CPU
		{3163BD0A-604A-468A-AFEF-6FDD8DAD451B}.Release|Any CPU.ActiveCfg = Release|Any CPU
		{3163BD0A-604A-468A-AFEF-6FDD8DAD451B}.Release|Any CPU.Build.0 = Release|Any CPU
	EndGlobalSection
	GlobalSection(SolutionProperties) = preSolution
		HideSolutionNode = FALSE
	EndGlobalSection
	GlobalSection(ExtensibilityGlobals) = postSolution
		SolutionGuid = {FE587CF1-309B-4F54-984B-AED7965E7DDE}
	EndGlobalSection
EndGlobal
